Microsoft Visual Studio Solution File, Format Version 7.00
Project("{8BC9CEB8-8B4A-11D0-8D11-00A0C91BC942}") = "Teste1", "Teste1.vcproj", "{10073EE4-7119-47E4-B479-7F46E5FDD873}"
EndProject
Global
	GlobalSection(SolutionConfiguration) = preSolution
		ConfigName.0 = Debug
		ConfigName.1 = Release
	EndGlobalSection
	GlobalSection(ProjectDependencies) = postSolution
	EndGlobalSection
	GlobalSection(ProjectConfiguration) = postSolution
		{10073EE4-7119-47E4-B479-7F46E5FDD873}.Debug.ActiveCfg = Debug|Win32
		{10073EE4-7119-47E4-B479-7F46E5FDD873}.Debug.Build.0 = Debug|Win32
		{10073EE4-7119-47E4-B479-7F46E5FDD873}.Release.ActiveCfg = Release|Win32
		{10073EE4-7119-47E4-B479-7F46E5FDD873}.Release.Build.0 = Release|Win32
	EndGlobalSection
	GlobalSection(ExtensibilityGlobals) = postSolution
	EndGlobalSection
	GlobalSection(ExtensibilityAddIns) = postSolution
	EndGlobalSection
EndGlobal
